uuid: a00abc9b-2593-405b-a229-dee76cb35722
langcode: en
status: true
dependencies:
  module:
    - ib_task_28
  theme:
    - bartik
id: ibtask28block
theme: bartik
region: sidebar_first
weight: 0
provider: null
plugin: ib_task_28_block
settings:
  id: ib_task_28_block
  label: 'ib Task 28 block'
  provider: ib_task_28
  label_display: visible
visibility: {  }
