uuid: 64bf3f3d-3b8c-417e-9d8d-30c2848f01a7
langcode: en
status: true
dependencies:
  module:
    - my_task95_module
  theme:
    - bartik
id: myfirstblock
theme: bartik
region: content
weight: 0
provider: null
plugin: my_first_block
settings:
  id: my_first_block
  label: 'My first block'
  provider: my_task95_module
  label_display: '0'
visibility: {  }
